
Microsoft Visual Studio Solution File, Format Version 12.00
# Visual Studio Version 16
VisualStudioVersion = 16.0.32407.337
MinimumVisualStudioVersion = 10.0.40219.1
Project("{FAE04EC0-301F-11D3-BF4B-00C04F79EFBC}") = "AnimalShelter", "AnimalShelter.csproj", "{CABD8A73-611C-415A-AB6F-4A781EAFB68B}"
EndProject
Global
	GlobalSection(SolutionConfigurationPlatforms) = preSolution
		Debug|Any CPU = Debug|Any CPU
		Release|Any CPU = Release|Any CPU
	EndGlobalSection
	GlobalSection(ProjectConfigurationPlatforms) = postSolution
		{CABD8A73-611C-415A-AB6F-4A781EAFB68B}.Debug|Any CPU.ActiveCfg = Debug|Any CPU
		{CABD8A73-611C-415A-AB6F-4A781EAFB68B}.Debug|Any CPU.Build.0 = Debug|Any CPU
		{CABD8A73-611C-415A-AB6F-4A781EAFB68B}.Release|Any CPU.ActiveCfg = Release|Any CPU
		{CABD8A73-611C-415A-AB6F-4A781EAFB68B}.Release|Any CPU.Build.0 = Release|Any CPU
	EndGlobalSection
	GlobalSection(SolutionProperties) = preSolution
		HideSolutionNode = FALSE
	EndGlobalSection
	GlobalSection(ExtensibilityGlobals) = postSolution
		SolutionGuid = {2EC36DF8-8B3E-4375-B646-83FC750CF9CD}
	EndGlobalSection
EndGlobal
